# THIS IS AN AUTOGENERATED FILE. DO NOT EDIT THIS FILE DIRECTLY.
# yarn lockfile v1


bulma-dashboard@^0.1.0:
  version "0.1.0"
  resolved "https://registry.yarnpkg.com/bulma-dashboard/-/bulma-dashboard-0.1.0.tgz#da97909a2f8483ae9ac115bbb08ed2fb11532d55"
  integrity sha512-mxOtePDLoizFbSojlNR7GDVxsETbMR57wlvG8oksJhGA9Rsi8GnnJMN3Wo3M8wTkSIiFID1J967k1tPtv8ffHQ==
